
Microsoft Visual Studio Solution File, Format Version 12.00
# Visual Studio Version 17
VisualStudioVersion = 17.5.33502.453
MinimumVisualStudioVersion = 10.0.40219.1
Project("{FAE04EC0-301F-11D3-BF4B-00C04F79EFBC}") = "MVC_Day01_Task03", "MVC_Day01_Task03\MVC_Day01_Task03.csproj", "{FAFDEDB9-B2A4-421B-904E-1029A76A583B}"
EndProject
Global
	GlobalSection(SolutionConfigurationPlatforms) = preSolution
		Debug|Any CPU = Debug|Any CPU
		Release|Any CPU = Release|Any CPU
	EndGlobalSection
	GlobalSection(ProjectConfigurationPlatforms) = postSolution
		{FAFDEDB9-B2A4-421B-904E-1029A76A583B}.Debug|Any CPU.ActiveCfg = Debug|Any CPU
		{FAFDEDB9-B2A4-421B-904E-1029A76A583B}.Debug|Any CPU.Build.0 = Debug|Any CPU
		{FAFDEDB9-B2A4-421B-904E-1029A76A583B}.Release|Any CPU.ActiveCfg = Release|Any CPU
		{FAFDEDB9-B2A4-421B-904E-1029A76A583B}.Release|Any CPU.Build.0 = Release|Any CPU
	EndGlobalSection
	GlobalSection(SolutionProperties) = preSolution
		HideSolutionNode = FALSE
	EndGlobalSection
	GlobalSection(ExtensibilityGlobals) = postSolution
		SolutionGuid = {C9732EE5-B5B7-4535-AFF1-EDBE077CA132}
	EndGlobalSection
EndGlobal
