
Microsoft Visual Studio Solution File, Format Version 12.00
# Visual Studio Version 17
VisualStudioVersion = 17.3.32922.545
MinimumVisualStudioVersion = 10.0.40219.1
Project("{FAE04EC0-301F-11D3-BF4B-00C04F79EFBC}") = "Day2", "Day2\Day2.csproj", "{468FDA7B-CD51-4A39-BD49-D051B7DD11F5}"
EndProject
Global
	GlobalSection(SolutionConfigurationPlatforms) = preSolution
		Debug|Any CPU = Debug|Any CPU
		Release|Any CPU = Release|Any CPU
	EndGlobalSection
	GlobalSection(ProjectConfigurationPlatforms) = postSolution
		{468FDA7B-CD51-4A39-BD49-D051B7DD11F5}.Debug|Any CPU.ActiveCfg = Debug|Any CPU
		{468FDA7B-CD51-4A39-BD49-D051B7DD11F5}.Debug|Any CPU.Build.0 = Debug|Any CPU
		{468FDA7B-CD51-4A39-BD49-D051B7DD11F5}.Release|Any CPU.ActiveCfg = Release|Any CPU
		{468FDA7B-CD51-4A39-BD49-D051B7DD11F5}.Release|Any CPU.Build.0 = Release|Any CPU
	EndGlobalSection
	GlobalSection(SolutionProperties) = preSolution
		HideSolutionNode = FALSE
	EndGlobalSection
	GlobalSection(ExtensibilityGlobals) = postSolution
		SolutionGuid = {6794A5E4-7045-4750-A552-A42BBF963F70}
	EndGlobalSection
EndGlobal
