
Microsoft Visual Studio Solution File, Format Version 12.00
# Visual Studio Version 17
VisualStudioVersion = 17.5.33502.453
MinimumVisualStudioVersion = 10.0.40219.1
Project("{FAE04EC0-301F-11D3-BF4B-00C04F79EFBC}") = "MVC_Day5", "MVC_Day5\MVC_Day5.csproj", "{1BF6BEB4-4FD7-4D70-B93F-329BD58A1F20}"
EndProject
Global
	GlobalSection(SolutionConfigurationPlatforms) = preSolution
		Debug|Any CPU = Debug|Any CPU
		Release|Any CPU = Release|Any CPU
	EndGlobalSection
	GlobalSection(ProjectConfigurationPlatforms) = postSolution
		{1BF6BEB4-4FD7-4D70-B93F-329BD58A1F20}.Debug|Any CPU.ActiveCfg = Debug|Any CPU
		{1BF6BEB4-4FD7-4D70-B93F-329BD58A1F20}.Debug|Any CPU.Build.0 = Debug|Any CPU
		{1BF6BEB4-4FD7-4D70-B93F-329BD58A1F20}.Release|Any CPU.ActiveCfg = Release|Any CPU
		{1BF6BEB4-4FD7-4D70-B93F-329BD58A1F20}.Release|Any CPU.Build.0 = Release|Any CPU
	EndGlobalSection
	GlobalSection(SolutionProperties) = preSolution
		HideSolutionNode = FALSE
	EndGlobalSection
	GlobalSection(ExtensibilityGlobals) = postSolution
		SolutionGuid = {F373F8D8-4DA8-43B0-BF94-5657C6563D0C}
	EndGlobalSection
EndGlobal
