
Microsoft Visual Studio Solution File, Format Version 12.00
# Visual Studio Version 17
VisualStudioVersion = 17.5.33502.453
MinimumVisualStudioVersion = 10.0.40219.1
Project("{FAE04EC0-301F-11D3-BF4B-00C04F79EFBC}") = "Ado.NetDay09", "Ado.NetDay09\Ado.NetDay09.csproj", "{B4ADD634-D8B8-4528-A462-2CF3E78E9685}"
EndProject
Global
	GlobalSection(SolutionConfigurationPlatforms) = preSolution
		Debug|Any CPU = Debug|Any CPU
		Release|Any CPU = Release|Any CPU
	EndGlobalSection
	GlobalSection(ProjectConfigurationPlatforms) = postSolution
		{B4ADD634-D8B8-4528-A462-2CF3E78E9685}.Debug|Any CPU.ActiveCfg = Debug|Any CPU
		{B4ADD634-D8B8-4528-A462-2CF3E78E9685}.Debug|Any CPU.Build.0 = Debug|Any CPU
		{B4ADD634-D8B8-4528-A462-2CF3E78E9685}.Release|Any CPU.ActiveCfg = Release|Any CPU
		{B4ADD634-D8B8-4528-A462-2CF3E78E9685}.Release|Any CPU.Build.0 = Release|Any CPU
	EndGlobalSection
	GlobalSection(SolutionProperties) = preSolution
		HideSolutionNode = FALSE
	EndGlobalSection
	GlobalSection(ExtensibilityGlobals) = postSolution
		SolutionGuid = {1801ED53-3422-40C2-8893-DCC96677E9BB}
	EndGlobalSection
EndGlobal
